
Microsoft Visual Studio Solution File, Format Version 12.00
# Visual Studio 15
VisualStudioVersion = 15.0.28307.1022
MinimumVisualStudioVersion = 10.0.40219.1
Project("{FAE04EC0-301F-11D3-BF4B-00C04F79EFBC}") = "GithubTest", "GithubTest\GithubTest.csproj", "{F3E49F56-0B88-46AD-85D1-163192269829}"
EndProject
Global
	GlobalSection(SolutionConfigurationPlatforms) = preSolution
		Debug|Any CPU = Debug|Any CPU
		Release|Any CPU = Release|Any CPU
	EndGlobalSection
	GlobalSection(ProjectConfigurationPlatforms) = postSolution
		{F3E49F56-0B88-46AD-85D1-163192269829}.Debug|Any CPU.ActiveCfg = Debug|Any CPU
		{F3E49F56-0B88-46AD-85D1-163192269829}.Debug|Any CPU.Build.0 = Debug|Any CPU
		{F3E49F56-0B88-46AD-85D1-163192269829}.Release|Any CPU.ActiveCfg = Release|Any CPU
		{F3E49F56-0B88-46AD-85D1-163192269829}.Release|Any CPU.Build.0 = Release|Any CPU
	EndGlobalSection
	GlobalSection(SolutionProperties) = preSolution
		HideSolutionNode = FALSE
	EndGlobalSection
	GlobalSection(ExtensibilityGlobals) = postSolution
		SolutionGuid = {87C2AC5E-2989-47CD-B1D6-7B44C2B3B62C}
	EndGlobalSection
EndGlobal
